
Microsoft Visual Studio Solution File, Format Version 12.00
# Visual Studio 15
VisualStudioVersion = 15.0.28010.2003
MinimumVisualStudioVersion = 10.0.40219.1
Project("{FAE04EC0-301F-11D3-BF4B-00C04F79EFBC}") = "HalloVerdenMVC", "HalloVerdenMVC\HalloVerdenMVC.csproj", "{1C9EC1DC-6D77-484A-97B9-A7884A590EC9}"
EndProject
Global
	GlobalSection(SolutionConfigurationPlatforms) = preSolution
		Debug|Any CPU = Debug|Any CPU
		Release|Any CPU = Release|Any CPU
	EndGlobalSection
	GlobalSection(ProjectConfigurationPlatforms) = postSolution
		{1C9EC1DC-6D77-484A-97B9-A7884A590EC9}.Debug|Any CPU.ActiveCfg = Debug|Any CPU
		{1C9EC1DC-6D77-484A-97B9-A7884A590EC9}.Debug|Any CPU.Build.0 = Debug|Any CPU
		{1C9EC1DC-6D77-484A-97B9-A7884A590EC9}.Release|Any CPU.ActiveCfg = Release|Any CPU
		{1C9EC1DC-6D77-484A-97B9-A7884A590EC9}.Release|Any CPU.Build.0 = Release|Any CPU
	EndGlobalSection
	GlobalSection(SolutionProperties) = preSolution
		HideSolutionNode = FALSE
	EndGlobalSection
	GlobalSection(ExtensibilityGlobals) = postSolution
		SolutionGuid = {5055EBA2-1C98-492D-AB9F-977B84E9F868}
	EndGlobalSection
EndGlobal
